
Microsoft Visual Studio Solution File, Format Version 12.00
# Visual Studio Version 16
VisualStudioVersion = 16.0.30517.126
MinimumVisualStudioVersion = 10.0.40219.1
Project("{FAE04EC0-301F-11D3-BF4B-00C04F79EFBC}") = "Week16-Santa-Clause-is-Coming", "Week16-Santa-Clause-is-Coming\Week16-Santa-Clause-is-Coming.csproj", "{C8A93E40-1F62-4E28-AFA8-BA5FC9B856B8}"
EndProject
Global
	GlobalSection(SolutionConfigurationPlatforms) = preSolution
		Debug|Any CPU = Debug|Any CPU
		Release|Any CPU = Release|Any CPU
	EndGlobalSection
	GlobalSection(ProjectConfigurationPlatforms) = postSolution
		{C8A93E40-1F62-4E28-AFA8-BA5FC9B856B8}.Debug|Any CPU.ActiveCfg = Debug|Any CPU
		{C8A93E40-1F62-4E28-AFA8-BA5FC9B856B8}.Debug|Any CPU.Build.0 = Debug|Any CPU
		{C8A93E40-1F62-4E28-AFA8-BA5FC9B856B8}.Release|Any CPU.ActiveCfg = Release|Any CPU
		{C8A93E40-1F62-4E28-AFA8-BA5FC9B856B8}.Release|Any CPU.Build.0 = Release|Any CPU
	EndGlobalSection
	GlobalSection(SolutionProperties) = preSolution
		HideSolutionNode = FALSE
	EndGlobalSection
	GlobalSection(ExtensibilityGlobals) = postSolution
		SolutionGuid = {01E26171-32DA-4553-97D7-43A53FEE727E}
	EndGlobalSection
EndGlobal
